
Microsoft Visual Studio Solution File, Format Version 12.00
# Visual Studio Version 17
VisualStudioVersion = 17.9.34728.123
MinimumVisualStudioVersion = 10.0.40219.1
Project("{FAE04EC0-301F-11D3-BF4B-00C04F79EFBC}") = "WebApplication1", "WebApplication1\WebApplication1.csproj", "{DEDFCE98-EC52-4830-923B-D40FFC7C1A33}"
EndProject
Project("{FAE04EC0-301F-11D3-BF4B-00C04F79EFBC}") = "BLL", "BLL\BLL.csproj", "{EC7DAE92-B35C-4BB8-9E4E-FD40618D8003}"
EndProject
Global
	GlobalSection(SolutionConfigurationPlatforms) = preSolution
		Debug|Any CPU = Debug|Any CPU
		Release|Any CPU = Release|Any CPU
	EndGlobalSection
	GlobalSection(ProjectConfigurationPlatforms) = postSolution
		{DEDFCE98-EC52-4830-923B-D40FFC7C1A33}.Debug|Any CPU.ActiveCfg = Debug|Any CPU
		{DEDFCE98-EC52-4830-923B-D40FFC7C1A33}.Debug|Any CPU.Build.0 = Debug|Any CPU
		{DEDFCE98-EC52-4830-923B-D40FFC7C1A33}.Release|Any CPU.ActiveCfg = Release|Any CPU
		{DEDFCE98-EC52-4830-923B-D40FFC7C1A33}.Release|Any CPU.Build.0 = Release|Any CPU
		{EC7DAE92-B35C-4BB8-9E4E-FD40618D8003}.Debug|Any CPU.ActiveCfg = Debug|Any CPU
		{EC7DAE92-B35C-4BB8-9E4E-FD40618D8003}.Debug|Any CPU.Build.0 = Debug|Any CPU
		{EC7DAE92-B35C-4BB8-9E4E-FD40618D8003}.Release|Any CPU.ActiveCfg = Release|Any CPU
		{EC7DAE92-B35C-4BB8-9E4E-FD40618D8003}.Release|Any CPU.Build.0 = Release|Any CPU
	EndGlobalSection
	GlobalSection(SolutionProperties) = preSolution
		HideSolutionNode = FALSE
	EndGlobalSection
	GlobalSection(ExtensibilityGlobals) = postSolution
		SolutionGuid = {7014CA94-B31F-462C-BFF0-C234CC7A23A6}
	EndGlobalSection
EndGlobal
